
Microsoft Visual Studio Solution File, Format Version 12.00
Project("{FAE04EC0-301F-11D3-BF4B-00C04F79EFBC}") = "DataStructures.Exercises", "DataStructures.Exercises\DataStructures.Exercises.csproj", "{179624C0-0BD8-4BB4-90CA-0A9DB7B70AAF}"
EndProject
Project("{FAE04EC0-301F-11D3-BF4B-00C04F79EFBC}") = "DataStructures.Tests", "DataStructures.Tests\DataStructures.Tests.csproj", "{26FF321C-FCA6-4EEF-B094-0E4B4C936967}"
EndProject
Project("{FAE04EC0-301F-11D3-BF4B-00C04F79EFBC}") = "DataStructures.Shared", "DataStructures.Shared\DataStructures.Shared.csproj", "{B4D70B95-39C8-4441-B976-4A37BD7F6B7B}"
EndProject
Project("{FAE04EC0-301F-11D3-BF4B-00C04F79EFBC}") = "DataStructures.Solutions", "DataStructures.Solutions\DataStructures.Solutions.csproj", "{3D4DCA24-A1C5-4575-8964-ABFADD6B2BD0}"
EndProject
Global
	GlobalSection(SolutionConfigurationPlatforms) = preSolution
		Debug|Any CPU = Debug|Any CPU
		Release|Any CPU = Release|Any CPU
	EndGlobalSection
	GlobalSection(ProjectConfigurationPlatforms) = postSolution
		{90AA0FD5-DAA9-4395-8C19-C6DC5F9B9ED6}.Debug|Any CPU.ActiveCfg = Debug|Any CPU
		{90AA0FD5-DAA9-4395-8C19-C6DC5F9B9ED6}.Debug|Any CPU.Build.0 = Debug|Any CPU
		{90AA0FD5-DAA9-4395-8C19-C6DC5F9B9ED6}.Release|Any CPU.ActiveCfg = Release|Any CPU
		{90AA0FD5-DAA9-4395-8C19-C6DC5F9B9ED6}.Release|Any CPU.Build.0 = Release|Any CPU
		{179624C0-0BD8-4BB4-90CA-0A9DB7B70AAF}.Debug|Any CPU.ActiveCfg = Debug|Any CPU
		{179624C0-0BD8-4BB4-90CA-0A9DB7B70AAF}.Debug|Any CPU.Build.0 = Debug|Any CPU
		{179624C0-0BD8-4BB4-90CA-0A9DB7B70AAF}.Release|Any CPU.ActiveCfg = Release|Any CPU
		{179624C0-0BD8-4BB4-90CA-0A9DB7B70AAF}.Release|Any CPU.Build.0 = Release|Any CPU
		{26FF321C-FCA6-4EEF-B094-0E4B4C936967}.Debug|Any CPU.ActiveCfg = Debug|Any CPU
		{26FF321C-FCA6-4EEF-B094-0E4B4C936967}.Debug|Any CPU.Build.0 = Debug|Any CPU
		{26FF321C-FCA6-4EEF-B094-0E4B4C936967}.Release|Any CPU.ActiveCfg = Release|Any CPU
		{26FF321C-FCA6-4EEF-B094-0E4B4C936967}.Release|Any CPU.Build.0 = Release|Any CPU
		{B4D70B95-39C8-4441-B976-4A37BD7F6B7B}.Debug|Any CPU.ActiveCfg = Debug|Any CPU
		{B4D70B95-39C8-4441-B976-4A37BD7F6B7B}.Debug|Any CPU.Build.0 = Debug|Any CPU
		{B4D70B95-39C8-4441-B976-4A37BD7F6B7B}.Release|Any CPU.ActiveCfg = Release|Any CPU
		{B4D70B95-39C8-4441-B976-4A37BD7F6B7B}.Release|Any CPU.Build.0 = Release|Any CPU
		{3D4DCA24-A1C5-4575-8964-ABFADD6B2BD0}.Debug|Any CPU.ActiveCfg = Debug|Any CPU
		{3D4DCA24-A1C5-4575-8964-ABFADD6B2BD0}.Debug|Any CPU.Build.0 = Debug|Any CPU
		{3D4DCA24-A1C5-4575-8964-ABFADD6B2BD0}.Release|Any CPU.ActiveCfg = Release|Any CPU
		{3D4DCA24-A1C5-4575-8964-ABFADD6B2BD0}.Release|Any CPU.Build.0 = Release|Any CPU
	EndGlobalSection
EndGlobal
